
Microsoft Visual Studio Solution File, Format Version 12.00
# Visual Studio 14
VisualStudioVersion = 14.0.24720.0
MinimumVisualStudioVersion = 10.0.40219.1
Project("{FAE04EC0-301F-11D3-BF4B-00C04F79EFBC}") = "YamahaHT5440", "YamahaHT5440\YamahaHT5440.csproj", "{76A0FCF8-D4C1-4AB2-BE2F-C960786B7FE3}"
EndProject
Global
	GlobalSection(SolutionConfigurationPlatforms) = preSolution
		Debug|Any CPU = Debug|Any CPU
		Release|Any CPU = Release|Any CPU
	EndGlobalSection
	GlobalSection(ProjectConfigurationPlatforms) = postSolution
		{76A0FCF8-D4C1-4AB2-BE2F-C960786B7FE3}.Debug|Any CPU.ActiveCfg = Debug|Any CPU
		{76A0FCF8-D4C1-4AB2-BE2F-C960786B7FE3}.Debug|Any CPU.Build.0 = Debug|Any CPU
		{76A0FCF8-D4C1-4AB2-BE2F-C960786B7FE3}.Release|Any CPU.ActiveCfg = Release|Any CPU
		{76A0FCF8-D4C1-4AB2-BE2F-C960786B7FE3}.Release|Any CPU.Build.0 = Release|Any CPU
	EndGlobalSection
	GlobalSection(SolutionProperties) = preSolution
		HideSolutionNode = FALSE
	EndGlobalSection
EndGlobal
