
Microsoft Visual Studio Solution File, Format Version 12.00
# Visual Studio 14
VisualStudioVersion = 14.0.25420.1
MinimumVisualStudioVersion = 10.0.40219.1
Project("{FAE04EC0-301F-11D3-BF4B-00C04F79EFBC}") = "Opiniao.NLP", "Opiniao.NLP\Opiniao.NLP.csproj", "{754ABB16-D0BE-4A94-8261-59E4B255E184}"
EndProject
Project("{FAE04EC0-301F-11D3-BF4B-00C04F79EFBC}") = "Opiniao.Crawler", "Opiniao.Crawler\Opiniao.Crawler.csproj", "{47B1346A-8D23-4FCF-83BC-FA9FEB585488}"
EndProject
Project("{FAE04EC0-301F-11D3-BF4B-00C04F79EFBC}") = "Opiniao.WebApi", "Opiniao.WebApi\Opiniao.WebApi.csproj", "{33709799-E04A-4406-A7B2-EC853BAA36BB}"
EndProject
Project("{FAE04EC0-301F-11D3-BF4B-00C04F79EFBC}") = "Opiniao.App", "Opiniao.App\Opiniao.App.csproj", "{56C90E22-14E9-4664-80F2-1C6841215738}"
EndProject
Global
	GlobalSection(SolutionConfigurationPlatforms) = preSolution
		Debug|Any CPU = Debug|Any CPU
		Release|Any CPU = Release|Any CPU
	EndGlobalSection
	GlobalSection(ProjectConfigurationPlatforms) = postSolution
		{754ABB16-D0BE-4A94-8261-59E4B255E184}.Debug|Any CPU.ActiveCfg = Debug|Any CPU
		{754ABB16-D0BE-4A94-8261-59E4B255E184}.Debug|Any CPU.Build.0 = Debug|Any CPU
		{754ABB16-D0BE-4A94-8261-59E4B255E184}.Release|Any CPU.ActiveCfg = Release|Any CPU
		{754ABB16-D0BE-4A94-8261-59E4B255E184}.Release|Any CPU.Build.0 = Release|Any CPU
		{47B1346A-8D23-4FCF-83BC-FA9FEB585488}.Debug|Any CPU.ActiveCfg = Debug|Any CPU
		{47B1346A-8D23-4FCF-83BC-FA9FEB585488}.Debug|Any CPU.Build.0 = Debug|Any CPU
		{47B1346A-8D23-4FCF-83BC-FA9FEB585488}.Release|Any CPU.ActiveCfg = Release|Any CPU
		{47B1346A-8D23-4FCF-83BC-FA9FEB585488}.Release|Any CPU.Build.0 = Release|Any CPU
		{33709799-E04A-4406-A7B2-EC853BAA36BB}.Debug|Any CPU.ActiveCfg = Debug|Any CPU
		{33709799-E04A-4406-A7B2-EC853BAA36BB}.Debug|Any CPU.Build.0 = Debug|Any CPU
		{33709799-E04A-4406-A7B2-EC853BAA36BB}.Release|Any CPU.ActiveCfg = Release|Any CPU
		{33709799-E04A-4406-A7B2-EC853BAA36BB}.Release|Any CPU.Build.0 = Release|Any CPU
		{56C90E22-14E9-4664-80F2-1C6841215738}.Debug|Any CPU.ActiveCfg = Debug|Any CPU
		{56C90E22-14E9-4664-80F2-1C6841215738}.Debug|Any CPU.Build.0 = Debug|Any CPU
		{56C90E22-14E9-4664-80F2-1C6841215738}.Release|Any CPU.ActiveCfg = Release|Any CPU
		{56C90E22-14E9-4664-80F2-1C6841215738}.Release|Any CPU.Build.0 = Release|Any CPU
	EndGlobalSection
	GlobalSection(SolutionProperties) = preSolution
		HideSolutionNode = FALSE
	EndGlobalSection
EndGlobal
